
Microsoft Visual Studio Solution File, Format Version 12.00
# Visual Studio Version 16
VisualStudioVersion = 16.0.29418.71
MinimumVisualStudioVersion = 10.0.40219.1
Project("{FAE04EC0-301F-11D3-BF4B-00C04F79EFBC}") = "TrackerLibrary", "TrackerLibrary\TrackerLibrary.csproj", "{11C48188-1BD4-48D5-B96C-7AB85D3CB092}"
EndProject
Project("{FAE04EC0-301F-11D3-BF4B-00C04F79EFBC}") = "TrackerUI", "TrackerUI\TrackerUI.csproj", "{073CF616-5CE3-44F8-B156-2D338B1B426A}"
EndProject
Global
	GlobalSection(SolutionConfigurationPlatforms) = preSolution
		Debug|Any CPU = Debug|Any CPU
		Release|Any CPU = Release|Any CPU
	EndGlobalSection
	GlobalSection(ProjectConfigurationPlatforms) = postSolution
		{11C48188-1BD4-48D5-B96C-7AB85D3CB092}.Debug|Any CPU.ActiveCfg = Debug|Any CPU
		{11C48188-1BD4-48D5-B96C-7AB85D3CB092}.Debug|Any CPU.Build.0 = Debug|Any CPU
		{11C48188-1BD4-48D5-B96C-7AB85D3CB092}.Release|Any CPU.ActiveCfg = Release|Any CPU
		{11C48188-1BD4-48D5-B96C-7AB85D3CB092}.Release|Any CPU.Build.0 = Release|Any CPU
		{073CF616-5CE3-44F8-B156-2D338B1B426A}.Debug|Any CPU.ActiveCfg = Debug|Any CPU
		{073CF616-5CE3-44F8-B156-2D338B1B426A}.Debug|Any CPU.Build.0 = Debug|Any CPU
		{073CF616-5CE3-44F8-B156-2D338B1B426A}.Release|Any CPU.ActiveCfg = Release|Any CPU
		{073CF616-5CE3-44F8-B156-2D338B1B426A}.Release|Any CPU.Build.0 = Release|Any CPU
	EndGlobalSection
	GlobalSection(SolutionProperties) = preSolution
		HideSolutionNode = FALSE
	EndGlobalSection
	GlobalSection(ExtensibilityGlobals) = postSolution
		SolutionGuid = {7CE74425-271A-44CE-BC63-DACDC7D95E99}
	EndGlobalSection
EndGlobal
